
Microsoft Visual Studio Solution File, Format Version 12.00
# Visual Studio Version 16
VisualStudioVersion = 16.0.28315.86
MinimumVisualStudioVersion = 10.0.40219.1
Project("{2150E333-8FDC-42A3-9474-1A3956D46DE8}") = "Engine", "Engine", "{750095B1-8216-4F38-B431-EF98542B2FC9}"
EndProject
Project("{2150E333-8FDC-42A3-9474-1A3956D46DE8}") = "Games", "Games", "{11A96E9A-6F40-4DC3-8666-8C4832D958BF}"
EndProject
Project("{8BC9CEB8-8B4A-11D0-8D11-00A0C91BC942}") = "UE4", "Intermediate\ProjectFiles\UE4.vcxproj", "{154C603D-A6BA-4B27-BA64-B674E432315F}"
EndProject
Project("{8BC9CEB8-8B4A-11D0-8D11-00A0C91BC942}") = "BuildingEspace", "Intermediate\ProjectFiles\BuildingEspace.vcxproj", "{B74B7776-D9D8-4DD9-A5DA-D5EB0679BC9C}"
EndProject
Project("{2150E333-8FDC-42A3-9474-1A3956D46DE8}") = "Visualizers", "Visualizers", "{59D8AE07-6D17-43D7-943B-75DAC7211350}"
	ProjectSection(SolutionItems) = preProject
		..\..\..\..\..\..\Program Files\Epic Games\UE_4.22\Engine\Extras\VisualStudioDebugging\UE4.natvis = ..\..\..\..\..\..\Program Files\Epic Games\UE_4.22\Engine\Extras\VisualStudioDebugging\UE4.natvis
	EndProjectSection
EndProject
Global
	GlobalSection(SolutionConfigurationPlatforms) = preSolution
		DebugGame Editor|HTML5 = DebugGame Editor|HTML5
		DebugGame Editor|Win32 = DebugGame Editor|Win32
		DebugGame Editor|Win64 = DebugGame Editor|Win64
		DebugGame|HTML5 = DebugGame|HTML5
		DebugGame|Win32 = DebugGame|Win32
		DebugGame|Win64 = DebugGame|Win64
		Development Editor|HTML5 = Development Editor|HTML5
		Development Editor|Win32 = Development Editor|Win32
		Development Editor|Win64 = Development Editor|Win64
		Development|HTML5 = Development|HTML5
		Development|Win32 = Development|Win32
		Development|Win64 = Development|Win64
		Shipping|HTML5 = Shipping|HTML5
		Shipping|Win32 = Shipping|Win32
		Shipping|Win64 = Shipping|Win64
	EndGlobalSection
	GlobalSection(ProjectConfigurationPlatforms) = postSolution
		{154C603D-A6BA-4B27-BA64-B674E432315F}.DebugGame Editor|HTML5.ActiveCfg = BuiltWithUnrealBuildTool|Win32
		{154C603D-A6BA-4B27-BA64-B674E432315F}.DebugGame Editor|Win32.ActiveCfg = BuiltWithUnrealBuildTool|Win32
		{154C603D-A6BA-4B27-BA64-B674E432315F}.DebugGame Editor|Win64.ActiveCfg = BuiltWithUnrealBuildTool|Win32
		{154C603D-A6BA-4B27-BA64-B674E432315F}.DebugGame|HTML5.ActiveCfg = BuiltWithUnrealBuildTool|Win32
		{154C603D-A6BA-4B27-BA64-B674E432315F}.DebugGame|Win32.ActiveCfg = BuiltWithUnrealBuildTool|Win32
		{154C603D-A6BA-4B27-BA64-B674E432315F}.DebugGame|Win64.ActiveCfg = BuiltWithUnrealBuildTool|Win32
		{154C603D-A6BA-4B27-BA64-B674E432315F}.Development Editor|HTML5.ActiveCfg = BuiltWithUnrealBuildTool|Win32
		{154C603D-A6BA-4B27-BA64-B674E432315F}.Development Editor|Win32.ActiveCfg = BuiltWithUnrealBuildTool|Win32
		{154C603D-A6BA-4B27-BA64-B674E432315F}.Development Editor|Win64.ActiveCfg = BuiltWithUnrealBuildTool|Win32
		{154C603D-A6BA-4B27-BA64-B674E432315F}.Development|HTML5.ActiveCfg = BuiltWithUnrealBuildTool|Win32
		{154C603D-A6BA-4B27-BA64-B674E432315F}.Development|Win32.ActiveCfg = BuiltWithUnrealBuildTool|Win32
		{154C603D-A6BA-4B27-BA64-B674E432315F}.Development|Win64.ActiveCfg = BuiltWithUnrealBuildTool|Win32
		{154C603D-A6BA-4B27-BA64-B674E432315F}.Shipping|HTML5.ActiveCfg = BuiltWithUnrealBuildTool|Win32
		{154C603D-A6BA-4B27-BA64-B674E432315F}.Shipping|Win32.ActiveCfg = BuiltWithUnrealBuildTool|Win32
		{154C603D-A6BA-4B27-BA64-B674E432315F}.Shipping|Win64.ActiveCfg = BuiltWithUnrealBuildTool|Win32
		{B74B7776-D9D8-4DD9-A5DA-D5EB0679BC9C}.DebugGame Editor|HTML5.ActiveCfg = Invalid|Win32
		{B74B7776-D9D8-4DD9-A5DA-D5EB0679BC9C}.DebugGame Editor|Win32.ActiveCfg = Invalid|Win32
		{B74B7776-D9D8-4DD9-A5DA-D5EB0679BC9C}.DebugGame Editor|Win64.ActiveCfg = DebugGame_Editor|x64
		{B74B7776-D9D8-4DD9-A5DA-D5EB0679BC9C}.DebugGame Editor|Win64.Build.0 = DebugGame_Editor|x64
		{B74B7776-D9D8-4DD9-A5DA-D5EB0679BC9C}.DebugGame|HTML5.ActiveCfg = HTML5_DebugGame|Win32
		{B74B7776-D9D8-4DD9-A5DA-D5EB0679BC9C}.DebugGame|HTML5.Build.0 = HTML5_DebugGame|Win32
		{B74B7776-D9D8-4DD9-A5DA-D5EB0679BC9C}.DebugGame|Win32.ActiveCfg = DebugGame|Win32
		{B74B7776-D9D8-4DD9-A5DA-D5EB0679BC9C}.DebugGame|Win32.Build.0 = DebugGame|Win32
		{B74B7776-D9D8-4DD9-A5DA-D5EB0679BC9C}.DebugGame|Win64.ActiveCfg = DebugGame|x64
		{B74B7776-D9D8-4DD9-A5DA-D5EB0679BC9C}.DebugGame|Win64.Build.0 = DebugGame|x64
		{B74B7776-D9D8-4DD9-A5DA-D5EB0679BC9C}.Development Editor|HTML5.ActiveCfg = Invalid|Win32
		{B74B7776-D9D8-4DD9-A5DA-D5EB0679BC9C}.Development Editor|Win32.ActiveCfg = Invalid|Win32
		{B74B7776-D9D8-4DD9-A5DA-D5EB0679BC9C}.Development Editor|Win64.ActiveCfg = Development_Editor|x64
		{B74B7776-D9D8-4DD9-A5DA-D5EB0679BC9C}.Development Editor|Win64.Build.0 = Development_Editor|x64
		{B74B7776-D9D8-4DD9-A5DA-D5EB0679BC9C}.Development|HTML5.ActiveCfg = HTML5_Development|Win32
		{B74B7776-D9D8-4DD9-A5DA-D5EB0679BC9C}.Development|HTML5.Build.0 = HTML5_Development|Win32
		{B74B7776-D9D8-4DD9-A5DA-D5EB0679BC9C}.Development|Win32.ActiveCfg = Development|Win32
		{B74B7776-D9D8-4DD9-A5DA-D5EB0679BC9C}.Development|Win32.Build.0 = Development|Win32
		{B74B7776-D9D8-4DD9-A5DA-D5EB0679BC9C}.Development|Win64.ActiveCfg = Development|x64
		{B74B7776-D9D8-4DD9-A5DA-D5EB0679BC9C}.Development|Win64.Build.0 = Development|x64
		{B74B7776-D9D8-4DD9-A5DA-D5EB0679BC9C}.Shipping|HTML5.ActiveCfg = HTML5_Shipping|Win32
		{B74B7776-D9D8-4DD9-A5DA-D5EB0679BC9C}.Shipping|HTML5.Build.0 = HTML5_Shipping|Win32
		{B74B7776-D9D8-4DD9-A5DA-D5EB0679BC9C}.Shipping|Win32.ActiveCfg = Shipping|Win32
		{B74B7776-D9D8-4DD9-A5DA-D5EB0679BC9C}.Shipping|Win32.Build.0 = Shipping|Win32
		{B74B7776-D9D8-4DD9-A5DA-D5EB0679BC9C}.Shipping|Win64.ActiveCfg = Shipping|x64
		{B74B7776-D9D8-4DD9-A5DA-D5EB0679BC9C}.Shipping|Win64.Build.0 = Shipping|x64
	EndGlobalSection
	GlobalSection(SolutionProperties) = preSolution
		HideSolutionNode = FALSE
	EndGlobalSection
	GlobalSection(NestedProjects) = preSolution
		{154C603D-A6BA-4B27-BA64-B674E432315F} = {750095B1-8216-4F38-B431-EF98542B2FC9}
		{B74B7776-D9D8-4DD9-A5DA-D5EB0679BC9C} = {11A96E9A-6F40-4DC3-8666-8C4832D958BF}
	EndGlobalSection
EndGlobal
